{
  "name": "Minicap",
  "lockfileVersion": 3,
  "requires": true,
  "packages": {
    "": {
      "dependencies": {
        "@gluestack-ui/fab": "^0.1.22",
        "@types/uuid": "^10.0.0",
        "react-native-maps": "^1.20.1",
        "uuid": "^11.0.5"
      }
    },
    "node_modules/@gluestack-ui/fab": {
      "version": "0.1.22",
      "resolved": "https://registry.npmjs.org/@gluestack-ui/fab/-/fab-0.1.22.tgz",
      "integrity": "sha512-kemsTSOFu18fL0stTAJ5O1FXcrDW2FULNpq3wJJT5aBiwHhQhvWHq1Dyzn/7kT2jSHrvNHDsTzzTcDzGIgVqmg==",
      "dependencies": {
        "@gluestack-ui/utils": "^0.1.14",
        "@react-native-aria/focus": "^0.2.9",
        "@react-native-aria/interactions": "0.2.13"
      },
      "peerDependencies": {
        "react": ">=16",
        "react-dom": ">=16"
      }
    },
    "node_modules/@gluestack-ui/utils": {
      "version": "0.1.14",
      "resolved": "https://registry.npmjs.org/@gluestack-ui/utils/-/utils-0.1.14.tgz",
      "integrity": "sha512-dGe2LWJi8KcNmfM/Nt/WAT0I5s2F/Lud7nR/gTyksdLs9AZ8YoRkKt0s4q0ofz6ku1yEHDLa/YOuk2+APd8qNQ==",
      "dependencies": {
        "@react-native-aria/focus": "^0.2.9"
      },
      "peerDependencies": {
        "react": ">=16",
        "react-dom": ">=16"
      }
    },
    "node_modules/@react-aria/focus": {
      "version": "3.19.1",
      "resolved": "https://registry.npmjs.org/@react-aria/focus/-/focus-3.19.1.tgz",
      "integrity": "sha512-bix9Bu1Ue7RPcYmjwcjhB14BMu2qzfJ3tMQLqDc9pweJA66nOw8DThy3IfVr8Z7j2PHktOLf9kcbiZpydKHqzg==",
      "license": "Apache-2.0",
      "dependencies": {
        "@react-aria/interactions": "^3.23.0",
        "@react-aria/utils": "^3.27.0",
        "@react-types/shared": "^3.27.0",
        "@swc/helpers": "^0.5.0",
        "clsx": "^2.0.0"
      },
      "peerDependencies": {
        "react": "^16.8.0 || ^17.0.0-rc.1 || ^18.0.0 || ^19.0.0-rc.1",
        "react-dom": "^16.8.0 || ^17.0.0-rc.1 || ^18.0.0 || ^19.0.0-rc.1"
      }
    },
    "node_modules/@react-aria/interactions": {
      "version": "3.23.0",
      "resolved": "https://registry.npmjs.org/@react-aria/interactions/-/interactions-3.23.0.tgz",
      "integrity": "sha512-0qR1atBIWrb7FzQ+Tmr3s8uH5mQdyRH78n0krYaG8tng9+u1JlSi8DGRSaC9ezKyNB84m7vHT207xnHXGeJ3Fg==",
      "license": "Apache-2.0",
      "dependencies": {
        "@react-aria/ssr": "^3.9.7",
        "@react-aria/utils": "^3.27.0",
        "@react-types/shared": "^3.27.0",
        "@swc/helpers": "^0.5.0"
      },
      "peerDependencies": {
        "react": "^16.8.0 || ^17.0.0-rc.1 || ^18.0.0 || ^19.0.0-rc.1",
        "react-dom": "^16.8.0 || ^17.0.0-rc.1 || ^18.0.0 || ^19.0.0-rc.1"
      }
    },
    "node_modules/@react-aria/ssr": {
      "version": "3.9.7",
      "resolved": "https://registry.npmjs.org/@react-aria/ssr/-/ssr-3.9.7.tgz",
      "integrity": "sha512-GQygZaGlmYjmYM+tiNBA5C6acmiDWF52Nqd40bBp0Znk4M4hP+LTmI0lpI1BuKMw45T8RIhrAsICIfKwZvi2Gg==",
      "license": "Apache-2.0",
      "dependencies": {
        "@swc/helpers": "^0.5.0"
      },
      "engines": {
        "node": ">= 12"
      },
      "peerDependencies": {
        "react": "^16.8.0 || ^17.0.0-rc.1 || ^18.0.0 || ^19.0.0-rc.1"
      }
    },
    "node_modules/@react-aria/utils": {
      "version": "3.27.0",
      "resolved": "https://registry.npmjs.org/@react-aria/utils/-/utils-3.27.0.tgz",
      "integrity": "sha512-p681OtApnKOdbeN8ITfnnYqfdHS0z7GE+4l8EXlfLnr70Rp/9xicBO6d2rU+V/B3JujDw2gPWxYKEnEeh0CGCw==",
      "license": "Apache-2.0",
      "dependencies": {
        "@react-aria/ssr": "^3.9.7",
        "@react-stately/utils": "^3.10.5",
        "@react-types/shared": "^3.27.0",
        "@swc/helpers": "^0.5.0",
        "clsx": "^2.0.0"
      },
      "peerDependencies": {
        "react": "^16.8.0 || ^17.0.0-rc.1 || ^18.0.0 || ^19.0.0-rc.1",
        "react-dom": "^16.8.0 || ^17.0.0-rc.1 || ^18.0.0 || ^19.0.0-rc.1"
      }
    },
    "node_modules/@react-native-aria/focus": {
      "version": "0.2.9",
      "resolved": "https://registry.npmjs.org/@react-native-aria/focus/-/focus-0.2.9.tgz",
      "integrity": "sha512-zVgOIzKwnsyyurUxlZnzUKB2ekK/cmK64sQJIKKUlkJKVxd2EAFf7Sjz/NVEoMhTODN3qGRASTv9bMk/pBzzVA==",
      "license": "MIT",
      "dependencies": {
        "@react-aria/focus": "^3.2.3"
      },
      "peerDependencies": {
        "react": "*",
        "react-native": "*"
      }
    },
    "node_modules/@react-native-aria/interactions": {
      "version": "0.2.13",
      "resolved": "https://registry.npmjs.org/@react-native-aria/interactions/-/interactions-0.2.13.tgz",
      "integrity": "sha512-Uzru5Pqq5pG46lg/pzXoku9Y9k1UvuwJB/HRLSwahdC6eyNJOOm4kmadR/iziL/BeTAi5rOZsPEd0IKcMdH3nA==",
      "license": "MIT",
      "dependencies": {
        "@react-aria/interactions": "^3.3.2",
        "@react-aria/utils": "^3.6.0",
        "@react-native-aria/utils": "0.2.11"
      },
      "peerDependencies": {
        "react": "*",
        "react-native": "*"
      }
    },
    "node_modules/@react-native-aria/utils": {
      "version": "0.2.11",
      "resolved": "https://registry.npmjs.org/@react-native-aria/utils/-/utils-0.2.11.tgz",
      "integrity": "sha512-8MzE25pYDo1ZQtu7N9grx2Q+2uK58Tvvg4iJ7Nvx3PXTEz2XKU8G//yX9un97f7zCM6ptL8viRdKbSYDBmQvsA==",
      "license": "MIT",
      "dependencies": {
        "@react-aria/ssr": "^3.0.1",
        "@react-aria/utils": "^3.3.0"
      },
      "peerDependencies": {
        "react": "*",
        "react-native": "*"
      }
    },
    "node_modules/@react-stately/utils": {
      "version": "3.10.5",
      "resolved": "https://registry.npmjs.org/@react-stately/utils/-/utils-3.10.5.tgz",
      "integrity": "sha512-iMQSGcpaecghDIh3mZEpZfoFH3ExBwTtuBEcvZ2XnGzCgQjeYXcMdIUwAfVQLXFTdHUHGF6Gu6/dFrYsCzySBQ==",
      "license": "Apache-2.0",
      "dependencies": {
        "@swc/helpers": "^0.5.0"
      },
      "peerDependencies": {
        "react": "^16.8.0 || ^17.0.0-rc.1 || ^18.0.0 || ^19.0.0-rc.1"
      }
    },
    "node_modules/@react-types/shared": {
      "version": "3.27.0",
      "resolved": "https://registry.npmjs.org/@react-types/shared/-/shared-3.27.0.tgz",
      "integrity": "sha512-gvznmLhi6JPEf0bsq7SwRYTHAKKq/wcmKqFez9sRdbED+SPMUmK5omfZ6w3EwUFQHbYUa4zPBYedQ7Knv70RMw==",
      "license": "Apache-2.0",
      "peerDependencies": {
        "react": "^16.8.0 || ^17.0.0-rc.1 || ^18.0.0 || ^19.0.0-rc.1"
      }
    },
    "node_modules/@swc/helpers": {
      "version": "0.5.15",
      "resolved": "https://registry.npmjs.org/@swc/helpers/-/helpers-0.5.15.tgz",
      "integrity": "sha512-JQ5TuMi45Owi4/BIMAJBoSQoOJu12oOk/gADqlcUL9JEdHB8vyjUSsxqeNXnmXHjYKMi2WcYtezGEEhqUI/E2g==",
      "license": "Apache-2.0",
      "dependencies": {
        "tslib": "^2.8.0"
      }
    },
    "node_modules/@types/geojson": {
      "version": "7946.0.16",
      "resolved": "https://registry.npmjs.org/@types/geojson/-/geojson-7946.0.16.tgz",
      "integrity": "sha512-6C8nqWur3j98U6+lXDfTUWIfgvZU+EumvpHKcYjujKH7woYyLj2sUmff0tRhrqM7BohUw7Pz3ZB1jj2gW9Fvmg==",
      "license": "MIT"
    },
    "node_modules/@types/uuid": {
      "version": "10.0.0",
      "resolved": "https://registry.npmjs.org/@types/uuid/-/uuid-10.0.0.tgz",
      "integrity": "sha512-7gqG38EyHgyP1S+7+xomFtL+ZNHcKv6DwNaCZmJmo1vgMugyF3TCnXVg4t1uk89mLNwnLtnY3TpOpCOyp1/xHQ==",
      "license": "MIT"
    },
    "node_modules/clsx": {
      "version": "2.1.1",
      "resolved": "https://registry.npmjs.org/clsx/-/clsx-2.1.1.tgz",
      "integrity": "sha512-eYm0QWBtUrBWZWG0d386OGAw16Z995PiOVo2B7bjWSbHedGl5e0ZWaq65kOGgUSNesEIDkB9ISbTg/JK9dhCZA==",
      "license": "MIT",
      "engines": {
        "node": ">=6"
      }
    },
    "node_modules/react-native-maps": {
      "version": "1.20.1",
      "resolved": "https://registry.npmjs.org/react-native-maps/-/react-native-maps-1.20.1.tgz",
      "integrity": "sha512-NZI3B5Z6kxAb8gzb2Wxzu/+P2SlFIg1waHGIpQmazDSCRkNoHNY4g96g+xS0QPSaG/9xRBbDNnd2f2/OW6t6LQ==",
      "license": "MIT",
      "dependencies": {
        "@types/geojson": "^7946.0.13"
      },
      "engines": {
        "node": ">=18"
      },
      "peerDependencies": {
        "react": ">= 17.0.1",
        "react-native": ">= 0.64.3",
        "react-native-web": ">= 0.11"
      },
      "peerDependenciesMeta": {
        "react-native-web": {
          "optional": true
        }
      }
    },
    "node_modules/tslib": {
      "version": "2.8.1",
      "resolved": "https://registry.npmjs.org/tslib/-/tslib-2.8.1.tgz",
      "integrity": "sha512-oJFu94HQb+KVduSUQL7wnpmqnfmLsOA/nAh6b6EH0wCEoK0/mPeXU6c3wKDV83MkOuHPRHtSXKKU99IBazS/2w==",
      "license": "0BSD"
    },
    "node_modules/uuid": {
      "version": "11.0.5",
      "resolved": "https://registry.npmjs.org/uuid/-/uuid-11.0.5.tgz",
      "integrity": "sha512-508e6IcKLrhxKdBbcA2b4KQZlLVp2+J5UwQ6F7Drckkc5N9ZJwFa4TgWtsww9UG8fGHbm6gbV19TdM5pQ4GaIA==",
      "funding": [
        "https://github.com/sponsors/broofa",
        "https://github.com/sponsors/ctavan"
      ],
      "license": "MIT",
      "bin": {
        "uuid": "dist/esm/bin/uuid"
      }
    }
  }
}
